Microsoft Visual Studio Solution File, Format Version 12.00
# Visual Studio Version 17
VisualStudioVersion = 17.5.2.0
MinimumVisualStudioVersion = 10.0.40219.1
Project("{FAE04EC0-301F-11D3-BF4B-00C04F79EFBC}") = "SphereMinecraft", "SphereMinecraft.csproj", "{42DDE712-F769-8B1E-9AF7-8A0FEE380038}"
EndProject
Global
	GlobalSection(SolutionConfigurationPlatforms) = preSolution
		Debug|Any CPU = Debug|Any CPU
		ExportDebug|Any CPU = ExportDebug|Any CPU
		ExportRelease|Any CPU = ExportRelease|Any CPU
		Release|Any CPU = Release|Any CPU
	EndGlobalSection
	GlobalSection(ProjectConfigurationPlatforms) = postSolution
		{42DDE712-F769-8B1E-9AF7-8A0FEE380038}.Debug|Any CPU.ActiveCfg = Debug|Any CPU
		{42DDE712-F769-8B1E-9AF7-8A0FEE380038}.Debug|Any CPU.Build.0 = Debug|Any CPU
		{42DDE712-F769-8B1E-9AF7-8A0FEE380038}.ExportDebug|Any CPU.ActiveCfg = Debug|Any CPU
		{42DDE712-F769-8B1E-9AF7-8A0FEE380038}.ExportDebug|Any CPU.Build.0 = Debug|Any CPU
		{42DDE712-F769-8B1E-9AF7-8A0FEE380038}.ExportRelease|Any CPU.ActiveCfg = Release|Any CPU
		{42DDE712-F769-8B1E-9AF7-8A0FEE380038}.ExportRelease|Any CPU.Build.0 = Release|Any CPU
		{42DDE712-F769-8B1E-9AF7-8A0FEE380038}.Release|Any CPU.ActiveCfg = Release|Any CPU
		{42DDE712-F769-8B1E-9AF7-8A0FEE380038}.Release|Any CPU.Build.0 = Release|Any CPU
	EndGlobalSection
	GlobalSection(SolutionProperties) = preSolution
		HideSolutionNode = FALSE
	EndGlobalSection
	GlobalSection(ExtensibilityGlobals) = postSolution
		SolutionGuid = {55667F8D-8F81-4BD0-8CE7-9DA03E4AF50C}
	EndGlobalSection
EndGlobal
